{
  "name": "magavi-frontend",
  "version": "0.1.0",
  "lockfileVersion": 3,
  "requires": true,
  "packages": {
    "": {
      "name": "magavi-frontend",
      "version": "0.1.0",
      "dependencies": {
        "@vitejs/plugin-react": "5.0.2",
        "react": "19.1.1",
        "react-dom": "19.1.1",
        "typescript": "5.8.3",
        "vite": "7.1.5",
        "vite-plugin-pwa": "1.0.3"
      },
      "devDependencies": {
        "@testing-library/jest-dom": "6.8.0",
        "@testing-library/react": "16.3.0",
        "@types/node": "24.3.1",
        "@types/react": "19.1.12",
        "@types/react-dom": "19.1.9",
        "jsdom": "26.1.0",
        "vitest": "3.2.4"
      }
    }
  }
}
